
Microsoft Visual Studio Solution File, Format Version 12.00
# Visual Studio 15
VisualStudioVersion = 15.0.27617.1
MinimumVisualStudioVersion = 10.0.40219.1
Project("{FAE04EC0-301F-11D3-BF4B-00C04F79EFBC}") = "XFPopupAnimation.Android", "XFPopupAnimation\XFPopupAnimation.Android\XFPopupAnimation.Android.csproj", "{D89013DB-BD9B-41E7-BD60-11499ABCC2E4}"
EndProject
Project("{FAE04EC0-301F-11D3-BF4B-00C04F79EFBC}") = "XFPopupAnimation.iOS", "XFPopupAnimation\XFPopupAnimation.iOS\XFPopupAnimation.iOS.csproj", "{AEA97F16-99B3-478F-93DF-79F65B4BE718}"
EndProject
Project("{FAE04EC0-301F-11D3-BF4B-00C04F79EFBC}") = "XFPopupAnimation.UWP", "XFPopupAnimation\XFPopupAnimation.UWP\XFPopupAnimation.UWP.csproj", "{B234AE96-6BE4-4DD5-B211-B3DC07B87F68}"
EndProject
Project("{FAE04EC0-301F-11D3-BF4B-00C04F79EFBC}") = "XFPopupAnimation", "XFPopupAnimation\XFPopupAnimation\XFPopupAnimation.csproj", "{D0AB5274-FE3C-4041-B9C9-D5F554409621}"
EndProject
Global
	GlobalSection(SolutionConfigurationPlatforms) = preSolution
		Ad-Hoc|Any CPU = Ad-Hoc|Any CPU
		Ad-Hoc|ARM = Ad-Hoc|ARM
		Ad-Hoc|iPhone = Ad-Hoc|iPhone
		Ad-Hoc|iPhoneSimulator = Ad-Hoc|iPhoneSimulator
		Ad-Hoc|x64 = Ad-Hoc|x64
		Ad-Hoc|x86 = Ad-Hoc|x86
		AppStore|Any CPU = AppStore|Any CPU
		AppStore|ARM = AppStore|ARM
		AppStore|iPhone = AppStore|iPhone
		AppStore|iPhoneSimulator = AppStore|iPhoneSimulator
		AppStore|x64 = AppStore|x64
		AppStore|x86 = AppStore|x86
		Debug|Any CPU = Debug|Any CPU
		Debug|ARM = Debug|ARM
		Debug|iPhone = Debug|iPhone
		Debug|iPhoneSimulator = Debug|iPhoneSimulator
		Debug|x64 = Debug|x64
		Debug|x86 = Debug|x86
		Release|Any CPU = Release|Any CPU
		Release|ARM = Release|ARM
		Release|iPhone = Release|iPhone
		Release|iPhoneSimulator = Release|iPhoneSimulator
		Release|x64 = Release|x64
		Release|x86 = Release|x86
	EndGlobalSection
	GlobalSection(ProjectConfigurationPlatforms) = postSolution
		{D89013DB-BD9B-41E7-BD60-11499ABCC2E4}.Ad-Hoc|Any CPU.ActiveCfg = Release|Any CPU
		{D89013DB-BD9B-41E7-BD60-11499ABCC2E4}.Ad-Hoc|Any CPU.Build.0 = Release|Any CPU
		{D89013DB-BD9B-41E7-BD60-11499ABCC2E4}.Ad-Hoc|Any CPU.Deploy.0 = Release|Any CPU
		{D89013DB-BD9B-41E7-BD60-11499ABCC2E4}.Ad-Hoc|ARM.ActiveCfg = Release|Any CPU
		{D89013DB-BD9B-41E7-BD60-11499ABCC2E4}.Ad-Hoc|ARM.Build.0 = Release|Any CPU
		{D89013DB-BD9B-41E7-BD60-11499ABCC2E4}.Ad-Hoc|ARM.Deploy.0 = Release|Any CPU
		{D89013DB-BD9B-41E7-BD60-11499ABCC2E4}.Ad-Hoc|iPhone.ActiveCfg = Release|Any CPU
		{D89013DB-BD9B-41E7-BD60-11499ABCC2E4}.Ad-Hoc|iPhone.Build.0 = Release|Any CPU
		{D89013DB-BD9B-41E7-BD60-11499ABCC2E4}.Ad-Hoc|iPhone.Deploy.0 = Release|Any CPU
		{D89013DB-BD9B-41E7-BD60-11499ABCC2E4}.Ad-Hoc|iPhoneSimulator.ActiveCfg = Release|Any CPU
		{D89013DB-BD9B-41E7-BD60-11499ABCC2E4}.Ad-Hoc|iPhoneSimulator.Build.0 = Release|Any CPU
		{D89013DB-BD9B-41E7-BD60-11499ABCC2E4}.Ad-Hoc|iPhoneSimulator.Deploy.0 = Release|Any CPU
		{D89013DB-BD9B-41E7-BD60-11499ABCC2E4}.Ad-Hoc|x64.ActiveCfg = Release|Any CPU
		{D89013DB-BD9B-41E7-BD60-11499ABCC2E4}.Ad-Hoc|x64.Build.0 = Release|Any CPU
		{D89013DB-BD9B-41E7-BD60-11499ABCC2E4}.Ad-Hoc|x64.Deploy.0 = Release|Any CPU
		{D89013DB-BD9B-41E7-BD60-11499ABCC2E4}.Ad-Hoc|x86.ActiveCfg = Release|Any CPU
		{D89013DB-BD9B-41E7-BD60-11499ABCC2E4}.Ad-Hoc|x86.Build.0 = Release|Any CPU
		{D89013DB-BD9B-41E7-BD60-11499ABCC2E4}.Ad-Hoc|x86.Deploy.0 = Release|Any CPU
		{D89013DB-BD9B-41E7-BD60-11499ABCC2E4}.AppStore|Any CPU.ActiveCfg = Release|Any CPU
		{D89013DB-BD9B-41E7-BD60-11499ABCC2E4}.AppStore|Any CPU.Build.0 = Release|Any CPU
		{D89013DB-BD9B-41E7-BD60-11499ABCC2E4}.AppStore|Any CPU.Deploy.0 = Release|Any CPU
		{D89013DB-BD9B-41E7-BD60-11499ABCC2E4}.AppStore|ARM.ActiveCfg = Release|Any CPU
		{D89013DB-BD9B-41E7-BD60-11499ABCC2E4}.AppStore|ARM.Build.0 = Release|Any CPU
		{D89013DB-BD9B-41E7-BD60-11499ABCC2E4}.AppStore|ARM.Deploy.0 = Release|Any CPU
		{D89013DB-BD9B-41E7-BD60-11499ABCC2E4}.AppStore|iPhone.ActiveCfg = Release|Any CPU
		{D89013DB-BD9B-41E7-BD60-11499ABCC2E4}.AppStore|iPhone.Build.0 = Release|Any CPU
		{D89013DB-BD9B-41E7-BD60-11499ABCC2E4}.AppStore|iPhone.Deploy.0 = Release|Any CPU
		{D89013DB-BD9B-41E7-BD60-11499ABCC2E4}.AppStore|iPhoneSimulator.ActiveCfg = Release|Any CPU
		{D89013DB-BD9B-41E7-BD60-11499ABCC2E4}.AppStore|iPhoneSimulator.Build.0 = Release|Any CPU
		{D89013DB-BD9B-41E7-BD60-11499ABCC2E4}.AppStore|iPhoneSimulator.Deploy.0 = Release|Any CPU
		{D89013DB-BD9B-41E7-BD60-11499ABCC2E4}.AppStore|x64.ActiveCfg = Release|Any CPU
		{D89013DB-BD9B-41E7-BD60-11499ABCC2E4}.AppStore|x64.Build.0 = Release|Any CPU
		{D89013DB-BD9B-41E7-BD60-11499ABCC2E4}.AppStore|x64.Deploy.0 = Release|Any CPU
		{D89013DB-BD9B-41E7-BD60-11499ABCC2E4}.AppStore|x86.ActiveCfg = Release|Any CPU
		{D89013DB-BD9B-41E7-BD60-11499ABCC2E4}.AppStore|x86.Build.0 = Release|Any CPU
		{D89013DB-BD9B-41E7-BD60-11499ABCC2E4}.AppStore|x86.Deploy.0 = Release|Any CPU
		{D89013DB-BD9B-41E7-BD60-11499ABCC2E4}.Debug|Any CPU.ActiveCfg = Debug|Any CPU
		{D89013DB-BD9B-41E7-BD60-11499ABCC2E4}.Debug|Any CPU.Build.0 = Debug|Any CPU
		{D89013DB-BD9B-41E7-BD60-11499ABCC2E4}.Debug|Any CPU.Deploy.0 = Debug|Any CPU
		{D89013DB-BD9B-41E7-BD60-11499ABCC2E4}.Debug|ARM.ActiveCfg = Debug|Any CPU
		{D89013DB-BD9B-41E7-BD60-11499ABCC2E4}.Debug|ARM.Build.0 = Debug|Any CPU
		{D89013DB-BD9B-41E7-BD60-11499ABCC2E4}.Debug|ARM.Deploy.0 = Debug|Any CPU
		{D89013DB-BD9B-41E7-BD60-11499ABCC2E4}.Debug|iPhone.ActiveCfg = Debug|Any CPU
		{D89013DB-BD9B-41E7-BD60-11499ABCC2E4}.Debug|iPhone.Build.0 = Debug|Any CPU
		{D89013DB-BD9B-41E7-BD60-11499ABCC2E4}.Debug|iPhone.Deploy.0 = Debug|Any CPU
		{D89013DB-BD9B-41E7-BD60-11499ABCC2E4}.Debug|iPhoneSimulator.ActiveCfg = Debug|Any CPU
		{D89013DB-BD9B-41E7-BD60-11499ABCC2E4}.Debug|iPhoneSimulator.Build.0 = Debug|Any CPU
		{D89013DB-BD9B-41E7-BD60-11499ABCC2E4}.Debug|iPhoneSimulator.Deploy.0 = Debug|Any CPU
		{D89013DB-BD9B-41E7-BD60-11499ABCC2E4}.Debug|x64.ActiveCfg = Debug|Any CPU
		{D89013DB-BD9B-41E7-BD60-11499ABCC2E4}.Debug|x64.Build.0 = Debug|Any CPU
		{D89013DB-BD9B-41E7-BD60-11499ABCC2E4}.Debug|x64.Deploy.0 = Debug|Any CPU
		{D89013DB-BD9B-41E7-BD60-11499ABCC2E4}.Debug|x86.ActiveCfg = Debug|Any CPU
		{D89013DB-BD9B-41E7-BD60-11499ABCC2E4}.Debug|x86.Build.0 = Debug|Any CPU
		{D89013DB-BD9B-41E7-BD60-11499ABCC2E4}.Debug|x86.Deploy.0 = Debug|Any CPU
		{D89013DB-BD9B-41E7-BD60-11499ABCC2E4}.Release|Any CPU.ActiveCfg = Release|Any CPU
		{D89013DB-BD9B-41E7-BD60-11499ABCC2E4}.Release|Any CPU.Build.0 = Release|Any CPU
		{D89013DB-BD9B-41E7-BD60-11499ABCC2E4}.Release|Any CPU.Deploy.0 = Release|Any CPU
		{D89013DB-BD9B-41E7-BD60-11499ABCC2E4}.Release|ARM.ActiveCfg = Release|Any CPU
		{D89013DB-BD9B-41E7-BD60-11499ABCC2E4}.Release|ARM.Build.0 = Release|Any CPU
		{D89013DB-BD9B-41E7-BD60-11499ABCC2E4}.Release|ARM.Deploy.0 = Release|Any CPU
		{D89013DB-BD9B-41E7-BD60-11499ABCC2E4}.Release|iPhone.ActiveCfg = Release|Any CPU
		{D89013DB-BD9B-41E7-BD60-11499ABCC2E4}.Release|iPhone.Build.0 = Release|Any CPU
		{D89013DB-BD9B-41E7-BD60-11499ABCC2E4}.Release|iPhone.Deploy.0 = Release|Any CPU
		{D89013DB-BD9B-41E7-BD60-11499ABCC2E4}.Release|iPhoneSimulator.ActiveCfg = Release|Any CPU
		{D89013DB-BD9B-41E7-BD60-11499ABCC2E4}.Release|iPhoneSimulator.Build.0 = Release|Any CPU
		{D89013DB-BD9B-41E7-BD60-11499ABCC2E4}.Release|iPhoneSimulator.Deploy.0 = Release|Any CPU
		{D89013DB-BD9B-41E7-BD60-11499ABCC2E4}.Release|x64.ActiveCfg = Release|Any CPU
		{D89013DB-BD9B-41E7-BD60-11499ABCC2E4}.Release|x64.Build.0 = Release|Any CPU
		{D89013DB-BD9B-41E7-BD60-11499ABCC2E4}.Release|x64.Deploy.0 = Release|Any CPU
		{D89013DB-BD9B-41E7-BD60-11499ABCC2E4}.Release|x86.ActiveCfg = Release|Any CPU
		{D89013DB-BD9B-41E7-BD60-11499ABCC2E4}.Release|x86.Build.0 = Release|Any CPU
		{D89013DB-BD9B-41E7-BD60-11499ABCC2E4}.Release|x86.Deploy.0 = Release|Any CPU
		{AEA97F16-99B3-478F-93DF-79F65B4BE718}.Ad-Hoc|Any CPU.ActiveCfg = Ad-Hoc|iPhone
		{AEA97F16-99B3-478F-93DF-79F65B4BE718}.Ad-Hoc|Any CPU.Build.0 = Ad-Hoc|iPhone
		{AEA97F16-99B3-478F-93DF-79F65B4BE718}.Ad-Hoc|Any CPU.Deploy.0 = Ad-Hoc|iPhone
		{AEA97F16-99B3-478F-93DF-79F65B4BE718}.Ad-Hoc|ARM.ActiveCfg = Ad-Hoc|iPhone
		{AEA97F16-99B3-478F-93DF-79F65B4BE718}.Ad-Hoc|ARM.Build.0 = Ad-Hoc|iPhone
		{AEA97F16-99B3-478F-93DF-79F65B4BE718}.Ad-Hoc|ARM.Deploy.0 = Ad-Hoc|iPhone
		{AEA97F16-99B3-478F-93DF-79F65B4BE718}.Ad-Hoc|iPhone.ActiveCfg = Ad-Hoc|iPhone
		{AEA97F16-99B3-478F-93DF-79F65B4BE718}.Ad-Hoc|iPhone.Build.0 = Ad-Hoc|iPhone
		{AEA97F16-99B3-478F-93DF-79F65B4BE718}.Ad-Hoc|iPhone.Deploy.0 = Ad-Hoc|iPhone
		{AEA97F16-99B3-478F-93DF-79F65B4BE718}.Ad-Hoc|iPhoneSimulator.ActiveCfg = Ad-Hoc|iPhoneSimulator
		{AEA97F16-99B3-478F-93DF-79F65B4BE718}.Ad-Hoc|iPhoneSimulator.Build.0 = Ad-Hoc|iPhoneSimulator
		{AEA97F16-99B3-478F-93DF-79F65B4BE718}.Ad-Hoc|iPhoneSimulator.Deploy.0 = Ad-Hoc|iPhoneSimulator
		{AEA97F16-99B3-478F-93DF-79F65B4BE718}.Ad-Hoc|x64.ActiveCfg = Ad-Hoc|iPhone
		{AEA97F16-99B3-478F-93DF-79F65B4BE718}.Ad-Hoc|x64.Build.0 = Ad-Hoc|iPhone
		{AEA97F16-99B3-478F-93DF-79F65B4BE718}.Ad-Hoc|x64.Deploy.0 = Ad-Hoc|iPhone
		{AEA97F16-99B3-478F-93DF-79F65B4BE718}.Ad-Hoc|x86.ActiveCfg = Ad-Hoc|iPhone
		{AEA97F16-99B3-478F-93DF-79F65B4BE718}.Ad-Hoc|x86.Build.0 = Ad-Hoc|iPhone
		{AEA97F16-99B3-478F-93DF-79F65B4BE718}.Ad-Hoc|x86.Deploy.0 = Ad-Hoc|iPhone
		{AEA97F16-99B3-478F-93DF-79F65B4BE718}.AppStore|Any CPU.ActiveCfg = AppStore|iPhone
		{AEA97F16-99B3-478F-93DF-79F65B4BE718}.AppStore|Any CPU.Build.0 = AppStore|iPhone
		{AEA97F16-99B3-478F-93DF-79F65B4BE718}.AppStore|Any CPU.Deploy.0 = AppStore|iPhone
		{AEA97F16-99B3-478F-93DF-79F65B4BE718}.AppStore|ARM.ActiveCfg = AppStore|iPhone
		{AEA97F16-99B3-478F-93DF-79F65B4BE718}.AppStore|ARM.Build.0 = AppStore|iPhone
		{AEA97F16-99B3-478F-93DF-79F65B4BE718}.AppStore|ARM.Deploy.0 = AppStore|iPhone
		{AEA97F16-99B3-478F-93DF-79F65B4BE718}.AppStore|iPhone.ActiveCfg = AppStore|iPhone
		{AEA97F16-99B3-478F-93DF-79F65B4BE718}.AppStore|iPhone.Build.0 = AppStore|iPhone
		{AEA97F16-99B3-478F-93DF-79F65B4BE718}.AppStore|iPhone.Deploy.0 = AppStore|iPhone
		{AEA97F16-99B3-478F-93DF-79F65B4BE718}.AppStore|iPhoneSimulator.ActiveCfg = AppStore|iPhoneSimulator
		{AEA97F16-99B3-478F-93DF-79F65B4BE718}.AppStore|iPhoneSimulator.Build.0 = AppStore|iPhoneSimulator
		{AEA97F16-99B3-478F-93DF-79F65B4BE718}.AppStore|iPhoneSimulator.Deploy.0 = AppStore|iPhoneSimulator
		{AEA97F16-99B3-478F-93DF-79F65B4BE718}.AppStore|x64.ActiveCfg = AppStore|iPhone
		{AEA97F16-99B3-478F-93DF-79F65B4BE718}.AppStore|x64.Build.0 = AppStore|iPhone
		{AEA97F16-99B3-478F-93DF-79F65B4BE718}.AppStore|x64.Deploy.0 = AppStore|iPhone
		{AEA97F16-99B3-478F-93DF-79F65B4BE718}.AppStore|x86.ActiveCfg = AppStore|iPhone
		{AEA97F16-99B3-478F-93DF-79F65B4BE718}.AppStore|x86.Build.0 = AppStore|iPhone
		{AEA97F16-99B3-478F-93DF-79F65B4BE718}.AppStore|x86.Deploy.0 = AppStore|iPhone
		{AEA97F16-99B3-478F-93DF-79F65B4BE718}.Debug|Any CPU.ActiveCfg = Debug|iPhoneSimulator
		{AEA97F16-99B3-478F-93DF-79F65B4BE718}.Debug|Any CPU.Build.0 = Debug|iPhoneSimulator
		{AEA97F16-99B3-478F-93DF-79F65B4BE718}.Debug|Any CPU.Deploy.0 = Debug|iPhoneSimulator
		{AEA97F16-99B3-478F-93DF-79F65B4BE718}.Debug|ARM.ActiveCfg = Debug|iPhone
		{AEA97F16-99B3-478F-93DF-79F65B4BE718}.Debug|ARM.Build.0 = Debug|iPhone
		{AEA97F16-99B3-478F-93DF-79F65B4BE718}.Debug|ARM.Deploy.0 = Debug|iPhone
		{AEA97F16-99B3-478F-93DF-79F65B4BE718}.Debug|iPhone.ActiveCfg = Debug|iPhone
		{AEA97F16-99B3-478F-93DF-79F65B4BE718}.Debug|iPhone.Build.0 = Debug|iPhone
		{AEA97F16-99B3-478F-93DF-79F65B4BE718}.Debug|iPhone.Deploy.0 = Debug|iPhone
		{AEA97F16-99B3-478F-93DF-79F65B4BE718}.Debug|iPhoneSimulator.ActiveCfg = Debug|iPhoneSimulator
		{AEA97F16-99B3-478F-93DF-79F65B4BE718}.Debug|iPhoneSimulator.Build.0 = Debug|iPhoneSimulator
		{AEA97F16-99B3-478F-93DF-79F65B4BE718}.Debug|iPhoneSimulator.Deploy.0 = Debug|iPhoneSimulator
		{AEA97F16-99B3-478F-93DF-79F65B4BE718}.Debug|x64.ActiveCfg = Debug|iPhone
		{AEA97F16-99B3-478F-93DF-79F65B4BE718}.Debug|x64.Build.0 = Debug|iPhone
		{AEA97F16-99B3-478F-93DF-79F65B4BE718}.Debug|x64.Deploy.0 = Debug|iPhone
		{AEA97F16-99B3-478F-93DF-79F65B4BE718}.Debug|x86.ActiveCfg = Debug|iPhone
		{AEA97F16-99B3-478F-93DF-79F65B4BE718}.Debug|x86.Build.0 = Debug|iPhone
		{AEA97F16-99B3-478F-93DF-79F65B4BE718}.Debug|x86.Deploy.0 = Debug|iPhone
		{AEA97F16-99B3-478F-93DF-79F65B4BE718}.Release|Any CPU.ActiveCfg = Release|iPhone
		{AEA97F16-99B3-478F-93DF-79F65B4BE718}.Release|Any CPU.Build.0 = Release|iPhone
		{AEA97F16-99B3-478F-93DF-79F65B4BE718}.Release|Any CPU.Deploy.0 = Release|iPhone
		{AEA97F16-99B3-478F-93DF-79F65B4BE718}.Release|ARM.ActiveCfg = Release|iPhone
		{AEA97F16-99B3-478F-93DF-79F65B4BE718}.Release|ARM.Build.0 = Release|iPhone
		{AEA97F16-99B3-478F-93DF-79F65B4BE718}.Release|ARM.Deploy.0 = Release|iPhone
		{AEA97F16-99B3-478F-93DF-79F65B4BE718}.Release|iPhone.ActiveCfg = Release|iPhone
		{AEA97F16-99B3-478F-93DF-79F65B4BE718}.Release|iPhone.Build.0 = Release|iPhone
		{AEA97F16-99B3-478F-93DF-79F65B4BE718}.Release|iPhone.Deploy.0 = Release|iPhone
		{AEA97F16-99B3-478F-93DF-79F65B4BE718}.Release|iPhoneSimulator.ActiveCfg = Release|iPhoneSimulator
		{AEA97F16-99B3-478F-93DF-79F65B4BE718}.Release|iPhoneSimulator.Build.0 = Release|iPhoneSimulator
		{AEA97F16-99B3-478F-93DF-79F65B4BE718}.Release|iPhoneSimulator.Deploy.0 = Release|iPhoneSimulator
		{AEA97F16-99B3-478F-93DF-79F65B4BE718}.Release|x64.ActiveCfg = Release|iPhone
		{AEA97F16-99B3-478F-93DF-79F65B4BE718}.Release|x64.Build.0 = Release|iPhone
		{AEA97F16-99B3-478F-93DF-79F65B4BE718}.Release|x64.Deploy.0 = Release|iPhone
		{AEA97F16-99B3-478F-93DF-79F65B4BE718}.Release|x86.ActiveCfg = Release|iPhone
		{AEA97F16-99B3-478F-93DF-79F65B4BE718}.Release|x86.Build.0 = Release|iPhone
		{AEA97F16-99B3-478F-93DF-79F65B4BE718}.Release|x86.Deploy.0 = Release|iPhone
		{B234AE96-6BE4-4DD5-B211-B3DC07B87F68}.Ad-Hoc|Any CPU.ActiveCfg = Release|x86
		{B234AE96-6BE4-4DD5-B211-B3DC07B87F68}.Ad-Hoc|Any CPU.Build.0 = Release|x86
		{B234AE96-6BE4-4DD5-B211-B3DC07B87F68}.Ad-Hoc|Any CPU.Deploy.0 = Release|x86
		{B234AE96-6BE4-4DD5-B211-B3DC07B87F68}.Ad-Hoc|ARM.ActiveCfg = Release|ARM
		{B234AE96-6BE4-4DD5-B211-B3DC07B87F68}.Ad-Hoc|ARM.Build.0 = Release|ARM
		{B234AE96-6BE4-4DD5-B211-B3DC07B87F68}.Ad-Hoc|ARM.Deploy.0 = Release|ARM
		{B234AE96-6BE4-4DD5-B211-B3DC07B87F68}.Ad-Hoc|iPhone.ActiveCfg = Release|x86
		{B234AE96-6BE4-4DD5-B211-B3DC07B87F68}.Ad-Hoc|iPhone.Build.0 = Release|x86
		{B234AE96-6BE4-4DD5-B211-B3DC07B87F68}.Ad-Hoc|iPhone.Deploy.0 = Release|x86
		{B234AE96-6BE4-4DD5-B211-B3DC07B87F68}.Ad-Hoc|iPhoneSimulator.ActiveCfg = Release|x86
		{B234AE96-6BE4-4DD5-B211-B3DC07B87F68}.Ad-Hoc|iPhoneSimulator.Build.0 = Release|x86
		{B234AE96-6BE4-4DD5-B211-B3DC07B87F68}.Ad-Hoc|iPhoneSimulator.Deploy.0 = Release|x86
		{B234AE96-6BE4-4DD5-B211-B3DC07B87F68}.Ad-Hoc|x64.ActiveCfg = Release|x64
		{B234AE96-6BE4-4DD5-B211-B3DC07B87F68}.Ad-Hoc|x64.Build.0 = Release|x64
		{B234AE96-6BE4-4DD5-B211-B3DC07B87F68}.Ad-Hoc|x64.Deploy.0 = Release|x64
		{B234AE96-6BE4-4DD5-B211-B3DC07B87F68}.Ad-Hoc|x86.ActiveCfg = Release|x86
		{B234AE96-6BE4-4DD5-B211-B3DC07B87F68}.Ad-Hoc|x86.Build.0 = Release|x86
		{B234AE96-6BE4-4DD5-B211-B3DC07B87F68}.Ad-Hoc|x86.Deploy.0 = Release|x86
		{B234AE96-6BE4-4DD5-B211-B3DC07B87F68}.AppStore|Any CPU.ActiveCfg = Release|x86
		{B234AE96-6BE4-4DD5-B211-B3DC07B87F68}.AppStore|Any CPU.Build.0 = Release|x86
		{B234AE96-6BE4-4DD5-B211-B3DC07B87F68}.AppStore|Any CPU.Deploy.0 = Release|x86
		{B234AE96-6BE4-4DD5-B211-B3DC07B87F68}.AppStore|ARM.ActiveCfg = Release|ARM
		{B234AE96-6BE4-4DD5-B211-B3DC07B87F68}.AppStore|ARM.Build.0 = Release|ARM
		{B234AE96-6BE4-4DD5-B211-B3DC07B87F68}.AppStore|ARM.Deploy.0 = Release|ARM
		{B234AE96-6BE4-4DD5-B211-B3DC07B87F68}.AppStore|iPhone.ActiveCfg = Release|x86
		{B234AE96-6BE4-4DD5-B211-B3DC07B87F68}.AppStore|iPhone.Build.0 = Release|x86
		{B234AE96-6BE4-4DD5-B211-B3DC07B87F68}.AppStore|iPhone.Deploy.0 = Release|x86
		{B234AE96-6BE4-4DD5-B211-B3DC07B87F68}.AppStore|iPhoneSimulator.ActiveCfg = Release|x86
		{B234AE96-6BE4-4DD5-B211-B3DC07B87F68}.AppStore|iPhoneSimulator.Build.0 = Release|x86
		{B234AE96-6BE4-4DD5-B211-B3DC07B87F68}.AppStore|iPhoneSimulator.Deploy.0 = Release|x86
		{B234AE96-6BE4-4DD5-B211-B3DC07B87F68}.AppStore|x64.ActiveCfg = Release|x64
		{B234AE96-6BE4-4DD5-B211-B3DC07B87F68}.AppStore|x64.Build.0 = Release|x64
		{B234AE96-6BE4-4DD5-B211-B3DC07B87F68}.AppStore|x64.Deploy.0 = Release|x64
		{B234AE96-6BE4-4DD5-B211-B3DC07B87F68}.AppStore|x86.ActiveCfg = Release|x86
		{B234AE96-6BE4-4DD5-B211-B3DC07B87F68}.AppStore|x86.Build.0 = Release|x86
		{B234AE96-6BE4-4DD5-B211-B3DC07B87F68}.AppStore|x86.Deploy.0 = Release|x86
		{B234AE96-6BE4-4DD5-B211-B3DC07B87F68}.Debug|Any CPU.ActiveCfg = Debug|x86
		{B234AE96-6BE4-4DD5-B211-B3DC07B87F68}.Debug|Any CPU.Build.0 = Debug|x86
		{B234AE96-6BE4-4DD5-B211-B3DC07B87F68}.Debug|Any CPU.Deploy.0 = Debug|x86
		{B234AE96-6BE4-4DD5-B211-B3DC07B87F68}.Debug|ARM.ActiveCfg = Debug|ARM
		{B234AE96-6BE4-4DD5-B211-B3DC07B87F68}.Debug|ARM.Build.0 = Debug|ARM
		{B234AE96-6BE4-4DD5-B211-B3DC07B87F68}.Debug|ARM.Deploy.0 = Debug|ARM
		{B234AE96-6BE4-4DD5-B211-B3DC07B87F68}.Debug|iPhone.ActiveCfg = Debug|x86
		{B234AE96-6BE4-4DD5-B211-B3DC07B87F68}.Debug|iPhone.Build.0 = Debug|x86
		{B234AE96-6BE4-4DD5-B211-B3DC07B87F68}.Debug|iPhone.Deploy.0 = Debug|x86
		{B234AE96-6BE4-4DD5-B211-B3DC07B87F68}.Debug|iPhoneSimulator.ActiveCfg = Debug|x86
		{B234AE96-6BE4-4DD5-B211-B3DC07B87F68}.Debug|iPhoneSimulator.Build.0 = Debug|x86
		{B234AE96-6BE4-4DD5-B211-B3DC07B87F68}.Debug|iPhoneSimulator.Deploy.0 = Debug|x86
		{B234AE96-6BE4-4DD5-B211-B3DC07B87F68}.Debug|x64.ActiveCfg = Debug|x64
		{B234AE96-6BE4-4DD5-B211-B3DC07B87F68}.Debug|x64.Build.0 = Debug|x64
		{B234AE96-6BE4-4DD5-B211-B3DC07B87F68}.Debug|x64.Deploy.0 = Debug|x64
		{B234AE96-6BE4-4DD5-B211-B3DC07B87F68}.Debug|x86.ActiveCfg = Debug|x86
		{B234AE96-6BE4-4DD5-B211-B3DC07B87F68}.Debug|x86.Build.0 = Debug|x86
		{B234AE96-6BE4-4DD5-B211-B3DC07B87F68}.Debug|x86.Deploy.0 = Debug|x86
		{B234AE96-6BE4-4DD5-B211-B3DC07B87F68}.Release|Any CPU.ActiveCfg = Release|x86
		{B234AE96-6BE4-4DD5-B211-B3DC07B87F68}.Release|Any CPU.Build.0 = Release|x86
		{B234AE96-6BE4-4DD5-B211-B3DC07B87F68}.Release|Any CPU.Deploy.0 = Release|x86
		{B234AE96-6BE4-4DD5-B211-B3DC07B87F68}.Release|ARM.ActiveCfg = Release|ARM
		{B234AE96-6BE4-4DD5-B211-B3DC07B87F68}.Release|ARM.Build.0 = Release|ARM
		{B234AE96-6BE4-4DD5-B211-B3DC07B87F68}.Release|ARM.Deploy.0 = Release|ARM
		{B234AE96-6BE4-4DD5-B211-B3DC07B87F68}.Release|iPhone.ActiveCfg = Release|x86
		{B234AE96-6BE4-4DD5-B211-B3DC07B87F68}.Release|iPhone.Build.0 = Release|x86
		{B234AE96-6BE4-4DD5-B211-B3DC07B87F68}.Release|iPhone.Deploy.0 = Release|x86
		{B234AE96-6BE4-4DD5-B211-B3DC07B87F68}.Release|iPhoneSimulator.ActiveCfg = Release|x86
		{B234AE96-6BE4-4DD5-B211-B3DC07B87F68}.Release|iPhoneSimulator.Build.0 = Release|x86
		{B234AE96-6BE4-4DD5-B211-B3DC07B87F68}.Release|iPhoneSimulator.Deploy.0 = Release|x86
		{B234AE96-6BE4-4DD5-B211-B3DC07B87F68}.Release|x64.ActiveCfg = Release|x64
		{B234AE96-6BE4-4DD5-B211-B3DC07B87F68}.Release|x64.Build.0 = Release|x64
		{B234AE96-6BE4-4DD5-B211-B3DC07B87F68}.Release|x64.Deploy.0 = Release|x64
		{B234AE96-6BE4-4DD5-B211-B3DC07B87F68}.Release|x86.ActiveCfg = Release|x86
		{B234AE96-6BE4-4DD5-B211-B3DC07B87F68}.Release|x86.Build.0 = Release|x86
		{B234AE96-6BE4-4DD5-B211-B3DC07B87F68}.Release|x86.Deploy.0 = Release|x86
		{D0AB5274-FE3C-4041-B9C9-D5F554409621}.Ad-Hoc|Any CPU.ActiveCfg = Debug|Any CPU
		{D0AB5274-FE3C-4041-B9C9-D5F554409621}.Ad-Hoc|Any CPU.Build.0 = Debug|Any CPU
		{D0AB5274-FE3C-4041-B9C9-D5F554409621}.Ad-Hoc|Any CPU.Deploy.0 = Debug|Any CPU
		{D0AB5274-FE3C-4041-B9C9-D5F554409621}.Ad-Hoc|ARM.ActiveCfg = Debug|Any CPU
		{D0AB5274-FE3C-4041-B9C9-D5F554409621}.Ad-Hoc|ARM.Build.0 = Debug|Any CPU
		{D0AB5274-FE3C-4041-B9C9-D5F554409621}.Ad-Hoc|ARM.Deploy.0 = Debug|Any CPU
		{D0AB5274-FE3C-4041-B9C9-D5F554409621}.Ad-Hoc|iPhone.ActiveCfg = Debug|Any CPU
		{D0AB5274-FE3C-4041-B9C9-D5F554409621}.Ad-Hoc|iPhone.Build.0 = Debug|Any CPU
		{D0AB5274-FE3C-4041-B9C9-D5F554409621}.Ad-Hoc|iPhone.Deploy.0 = Debug|Any CPU
		{D0AB5274-FE3C-4041-B9C9-D5F554409621}.Ad-Hoc|iPhoneSimulator.ActiveCfg = Debug|Any CPU
		{D0AB5274-FE3C-4041-B9C9-D5F554409621}.Ad-Hoc|iPhoneSimulator.Build.0 = Debug|Any CPU
		{D0AB5274-FE3C-4041-B9C9-D5F554409621}.Ad-Hoc|iPhoneSimulator.Deploy.0 = Debug|Any CPU
		{D0AB5274-FE3C-4041-B9C9-D5F554409621}.Ad-Hoc|x64.ActiveCfg = Debug|Any CPU
		{D0AB5274-FE3C-4041-B9C9-D5F554409621}.Ad-Hoc|x64.Build.0 = Debug|Any CPU
		{D0AB5274-FE3C-4041-B9C9-D5F554409621}.Ad-Hoc|x64.Deploy.0 = Debug|Any CPU
		{D0AB5274-FE3C-4041-B9C9-D5F554409621}.Ad-Hoc|x86.ActiveCfg = Debug|Any CPU
		{D0AB5274-FE3C-4041-B9C9-D5F554409621}.Ad-Hoc|x86.Build.0 = Debug|Any CPU
		{D0AB5274-FE3C-4041-B9C9-D5F554409621}.Ad-Hoc|x86.Deploy.0 = Debug|Any CPU
		{D0AB5274-FE3C-4041-B9C9-D5F554409621}.AppStore|Any CPU.ActiveCfg = Debug|Any CPU
		{D0AB5274-FE3C-4041-B9C9-D5F554409621}.AppStore|Any CPU.Build.0 = Debug|Any CPU
		{D0AB5274-FE3C-4041-B9C9-D5F554409621}.AppStore|Any CPU.Deploy.0 = Debug|Any CPU
		{D0AB5274-FE3C-4041-B9C9-D5F554409621}.AppStore|ARM.ActiveCfg = Debug|Any CPU
		{D0AB5274-FE3C-4041-B9C9-D5F554409621}.AppStore|ARM.Build.0 = Debug|Any CPU
		{D0AB5274-FE3C-4041-B9C9-D5F554409621}.AppStore|ARM.Deploy.0 = Debug|Any CPU
		{D0AB5274-FE3C-4041-B9C9-D5F554409621}.AppStore|iPhone.ActiveCfg = Debug|Any CPU
		{D0AB5274-FE3C-4041-B9C9-D5F554409621}.AppStore|iPhone.Build.0 = Debug|Any CPU
		{D0AB5274-FE3C-4041-B9C9-D5F554409621}.AppStore|iPhone.Deploy.0 = Debug|Any CPU
		{D0AB5274-FE3C-4041-B9C9-D5F554409621}.AppStore|iPhoneSimulator.ActiveCfg = Debug|Any CPU
		{D0AB5274-FE3C-4041-B9C9-D5F554409621}.AppStore|iPhoneSimulator.Build.0 = Debug|Any CPU
		{D0AB5274-FE3C-4041-B9C9-D5F554409621}.AppStore|iPhoneSimulator.Deploy.0 = Debug|Any CPU
		{D0AB5274-FE3C-4041-B9C9-D5F554409621}.AppStore|x64.ActiveCfg = Debug|Any CPU
		{D0AB5274-FE3C-4041-B9C9-D5F554409621}.AppStore|x64.Build.0 = Debug|Any CPU
		{D0AB5274-FE3C-4041-B9C9-D5F554409621}.AppStore|x64.Deploy.0 = Debug|Any CPU
		{D0AB5274-FE3C-4041-B9C9-D5F554409621}.AppStore|x86.ActiveCfg = Debug|Any CPU
		{D0AB5274-FE3C-4041-B9C9-D5F554409621}.AppStore|x86.Build.0 = Debug|Any CPU
		{D0AB5274-FE3C-4041-B9C9-D5F554409621}.AppStore|x86.Deploy.0 = Debug|Any CPU
		{D0AB5274-FE3C-4041-B9C9-D5F554409621}.Debug|Any CPU.ActiveCfg = Debug|Any CPU
		{D0AB5274-FE3C-4041-B9C9-D5F554409621}.Debug|Any CPU.Build.0 = Debug|Any CPU
		{D0AB5274-FE3C-4041-B9C9-D5F554409621}.Debug|Any CPU.Deploy.0 = Debug|Any CPU
		{D0AB5274-FE3C-4041-B9C9-D5F554409621}.Debug|ARM.ActiveCfg = Debug|Any CPU
		{D0AB5274-FE3C-4041-B9C9-D5F554409621}.Debug|ARM.Build.0 = Debug|Any CPU
		{D0AB5274-FE3C-4041-B9C9-D5F554409621}.Debug|ARM.Deploy.0 = Debug|Any CPU
		{D0AB5274-FE3C-4041-B9C9-D5F554409621}.Debug|iPhone.ActiveCfg = Debug|Any CPU
		{D0AB5274-FE3C-4041-B9C9-D5F554409621}.Debug|iPhone.Build.0 = Debug|Any CPU
		{D0AB5274-FE3C-4041-B9C9-D5F554409621}.Debug|iPhone.Deploy.0 = Debug|Any CPU
		{D0AB5274-FE3C-4041-B9C9-D5F554409621}.Debug|iPhoneSimulator.ActiveCfg = Debug|Any CPU
		{D0AB5274-FE3C-4041-B9C9-D5F554409621}.Debug|iPhoneSimulator.Build.0 = Debug|Any CPU
		{D0AB5274-FE3C-4041-B9C9-D5F554409621}.Debug|iPhoneSimulator.Deploy.0 = Debug|Any CPU
		{D0AB5274-FE3C-4041-B9C9-D5F554409621}.Debug|x64.ActiveCfg = Debug|Any CPU
		{D0AB5274-FE3C-4041-B9C9-D5F554409621}.Debug|x64.Build.0 = Debug|Any CPU
		{D0AB5274-FE3C-4041-B9C9-D5F554409621}.Debug|x64.Deploy.0 = Debug|Any CPU
		{D0AB5274-FE3C-4041-B9C9-D5F554409621}.Debug|x86.ActiveCfg = Debug|Any CPU
		{D0AB5274-FE3C-4041-B9C9-D5F554409621}.Debug|x86.Build.0 = Debug|Any CPU
		{D0AB5274-FE3C-4041-B9C9-D5F554409621}.Debug|x86.Deploy.0 = Debug|Any CPU
		{D0AB5274-FE3C-4041-B9C9-D5F554409621}.Release|Any CPU.ActiveCfg = Release|Any CPU
		{D0AB5274-FE3C-4041-B9C9-D5F554409621}.Release|Any CPU.Build.0 = Release|Any CPU
		{D0AB5274-FE3C-4041-B9C9-D5F554409621}.Release|Any CPU.Deploy.0 = Release|Any CPU
		{D0AB5274-FE3C-4041-B9C9-D5F554409621}.Release|ARM.ActiveCfg = Release|Any CPU
		{D0AB5274-FE3C-4041-B9C9-D5F554409621}.Release|ARM.Build.0 = Release|Any CPU
		{D0AB5274-FE3C-4041-B9C9-D5F554409621}.Release|ARM.Deploy.0 = Release|Any CPU
		{D0AB5274-FE3C-4041-B9C9-D5F554409621}.Release|iPhone.ActiveCfg = Release|Any CPU
		{D0AB5274-FE3C-4041-B9C9-D5F554409621}.Release|iPhone.Build.0 = Release|Any CPU
		{D0AB5274-FE3C-4041-B9C9-D5F554409621}.Release|iPhone.Deploy.0 = Release|Any CPU
		{D0AB5274-FE3C-4041-B9C9-D5F554409621}.Release|iPhoneSimulator.ActiveCfg = Release|Any CPU
		{D0AB5274-FE3C-4041-B9C9-D5F554409621}.Release|iPhoneSimulator.Build.0 = Release|Any CPU
		{D0AB5274-FE3C-4041-B9C9-D5F554409621}.Release|iPhoneSimulator.Deploy.0 = Release|Any CPU
		{D0AB5274-FE3C-4041-B9C9-D5F554409621}.Release|x64.ActiveCfg = Release|Any CPU
		{D0AB5274-FE3C-4041-B9C9-D5F554409621}.Release|x64.Build.0 = Release|Any CPU
		{D0AB5274-FE3C-4041-B9C9-D5F554409621}.Release|x64.Deploy.0 = Release|Any CPU
		{D0AB5274-FE3C-4041-B9C9-D5F554409621}.Release|x86.ActiveCfg = Release|Any CPU
		{D0AB5274-FE3C-4041-B9C9-D5F554409621}.Release|x86.Build.0 = Release|Any CPU
		{D0AB5274-FE3C-4041-B9C9-D5F554409621}.Release|x86.Deploy.0 = Release|Any CPU
	EndGlobalSection
	GlobalSection(SolutionProperties) = preSolution
		HideSolutionNode = FALSE
	EndGlobalSection
	GlobalSection(ExtensibilityGlobals) = postSolution
		SolutionGuid = {5299DB46-4523-4E0F-B7E8-08527A7905E6}
	EndGlobalSection
EndGlobal
